// !$*UTF8*$!
{
	archiveVersion = 1;
	classes = {
	};
	objectVersion = 48;
	objects = {

/* Begin PBXBuildFile section */
		C2280E6C1F7AD42800075280 /* AppDelegate.m in Sources */ = {isa = PBXBuildFile; fileRef = C2280E6B1F7AD42800075280 /* AppDelegate.m */; };
		C2280E6F1F7AD42800075280 /* TrackerViewController.m in Sources */ = {isa = PBXBuildFile; fileRef = C2280E6E1F7AD42800075280 /* TrackerViewController.m */; };
		C2280E721F7AD42800075280 /* Main.storyboard in Resources */ = {isa = PBXBuildFile; fileRef = C2280E701F7AD42800075280 /* Main.storyboard */; };
		C2280E751F7AD42800075280 /* Tracker.xcdatamodeld in Sources */ = {isa = PBXBuildFile; fileRef = C2280E731F7AD42800075280 /* Tracker.xcdatamodeld */; };
		C2280E771F7AD42800075280 /* Assets.xcassets in Resources */ = {isa = PBXBuildFile; fileRef = C2280E761F7AD42800075280 /* Assets.xcassets */; };
		C2280E7A1F7AD42800075280 /* LaunchScreen.storyboard in Resources */ = {isa = PBXBuildFile; fileRef = C2280E781F7AD42800075280 /* LaunchScreen.storyboard */; };
		C2280E7D1F7AD42800075280 /* main.m in Sources */ = {isa = PBXBuildFile; fileRef = C2280E7C1F7AD42800075280 /* main.m */; };
		C2280E871F7AD42800075280 /* TrackerTests.m in Sources */ = {isa = PBXBuildFile; fileRef = C2280E861F7AD42800075280 /* TrackerTests.m */; };
		C2FEEA111F7B07E60079EDFF /* DaySteps.m in Sources */ = {isa = PBXBuildFile; fileRef = C2280E941F7AD73300075280 /* DaySteps.m */; };
		C2FEEA121F7B08050079EDFF /* DayStepsTableViewCell.m in Sources */ = {isa = PBXBuildFile; fileRef = C2280E991F7AD88200075280 /* DayStepsTableViewCell.m */; };
		C2FEEA131F7B08080079EDFF /* GoalReachedTableViewCell.m in Sources */ = {isa = PBXBuildFile; fileRef = C2280E9A1F7AD88200075280 /* GoalReachedTableViewCell.m */; };
		C2FEEA141F7B08C00079EDFF /* DayStepsTableViewCell.xib in Resources */ = {isa = PBXBuildFile; fileRef = C2280E981F7AD88200075280 /* DayStepsTableViewCell.xib */; };
/* End PBXBuildFile section */

/* Begin PBXContainerItemProxy section */
		C2280E831F7AD42800075280 /* PBXContainerItemProxy */ = {
			isa = PBXContainerItemProxy;
			containerPortal = C2280E5F1F7AD42800075280 /* Project object */;
			proxyType = 1;
			remoteGlobalIDString = C2280E661F7AD42800075280;
			remoteInfo = Tracker;
		};
/* End PBXContainerItemProxy section */

/* Begin PBXFileReference section */
		C2280E671F7AD42800075280 /* Tracker.app */ = {isa = PBXFileReference; explicitFileType = wrapper.application; includeInIndex = 0; path = Tracker.app; sourceTree = BUILT_PRODUCTS_DIR; };
		C2280E6A1F7AD42800075280 /* AppDelegate.h */ = {isa = PBXFileReference; lastKnownFileType = sourcecode.c.h; path = AppDelegate.h; sourceTree = "<group>"; };
		C2280E6B1F7AD42800075280 /* AppDelegate.m */ = {isa = PBXFileReference; lastKnownFileType = sourcecode.c.objc; path = AppDelegate.m; sourceTree = "<group>"; };
		C2280E6D1F7AD42800075280 /* TrackerViewController.h */ = {isa = PBXFileReference; lastKnownFileType = sourcecode.c.h; path = TrackerViewController.h; sourceTree = "<group>"; };
		C2280E6E1F7AD42800075280 /* TrackerViewController.m */ = {isa = PBXFileReference; lastKnownFileType = sourcecode.c.objc; path = TrackerViewController.m; sourceTree = "<group>"; };
		C2280E711F7AD42800075280 /* Base */ = {isa = PBXFileReference; lastKnownFileType = file.storyboard; name = Base; path = Base.lproj/Main.storyboard; sourceTree = "<group>"; };
		C2280E741F7AD42800075280 /* Tracker.xcdatamodel */ = {isa = PBXFileReference; lastKnownFileType = wrapper.xcdatamodel; path = Tracker.xcdatamodel; sourceTree = "<group>"; };
		C2280E761F7AD42800075280 /* Assets.xcassets */ = {isa = PBXFileReference; lastKnownFileType = folder.assetcatalog; path = Assets.xcassets; sourceTree = "<group>"; };
		C2280E791F7AD42800075280 /* Base */ = {isa = PBXFileReference; lastKnownFileType = file.storyboard; name = Base; path = Base.lproj/LaunchScreen.storyboard; sourceTree = "<group>"; };
		C2280E7B1F7AD42800075280 /* Info.plist */ = {isa = PBXFileReference; lastKnownFileType = text.plist.xml; path = Info.plist; sourceTree = "<group>"; };
		C2280E7C1F7AD42800075280 /* main.m */ = {isa = PBXFileReference; lastKnownFileType = sourcecode.c.objc; path = main.m; sourceTree = "<group>"; };
		C2280E821F7AD42800075280 /* TrackerTests.xctest */ = {isa = PBXFileReference; explicitFileType = wrapper.cfbundle; includeInIndex = 0; path = TrackerTests.xctest; sourceTree = BUILT_PRODUCTS_DIR; };
		C2280E861F7AD42800075280 /* TrackerTests.m */ = {isa = PBXFileReference; lastKnownFileType = sourcecode.c.objc; path = TrackerTests.m; sourceTree = "<group>"; };
		C2280E881F7AD42800075280 /* Info.plist */ = {isa = PBXFileReference; lastKnownFileType = text.plist.xml; path = Info.plist; sourceTree = "<group>"; };
		C2280E931F7AD73300075280 /* DaySteps.h */ = {isa = PBXFileReference; lastKnownFileType = sourcecode.c.h; path = DaySteps.h; sourceTree = "<group>"; };
		C2280E941F7AD73300075280 /* DaySteps.m */ = {isa = PBXFileReference; lastKnownFileType = sourcecode.c.objc; path = DaySteps.m; sourceTree = "<group>"; };
		C2280E961F7AD88200075280 /* DayStepsTableViewCell.h */ = {isa = PBXFileReference; lastKnownFileType = sourcecode.c.h; path = DayStepsTableViewCell.h; sourceTree = "<group>"; };
		C2280E971F7AD88200075280 /* GoalReachedTableViewCell.h */ = {isa = PBXFileReference; lastKnownFileType = sourcecode.c.h; path = GoalReachedTableViewCell.h; sourceTree = "<group>"; };
		C2280E981F7AD88200075280 /* DayStepsTableViewCell.xib */ = {isa = PBXFileReference; lastKnownFileType = file.xib; path = DayStepsTableViewCell.xib; sourceTree = "<group>"; };
		C2280E991F7AD88200075280 /* DayStepsTableViewCell.m */ = {isa = PBXFileReference; lastKnownFileType = sourcecode.c.objc; path = DayStepsTableViewCell.m; sourceTree = "<group>"; };
		C2280E9A1F7AD88200075280 /* GoalReachedTableViewCell.m */ = {isa = PBXFileReference; lastKnownFileType = sourcecode.c.objc; path = GoalReachedTableViewCell.m; sourceTree = "<group>"; };
/* End PBXFileReference section */

/* Begin PBXFrameworksBuildPhase section */
		C2280E641F7AD42800075280 /* Frameworks */ = {
			isa = PBXFrameworksBuildPhase;
			buildActionMask = 2147483647;
			files = (
			);
			runOnlyForDeploymentPostprocessing = 0;
		};
		C2280E7F1F7AD42800075280 /* Frameworks */ = {
			isa = PBXFrameworksBuildPhase;
			buildActionMask = 2147483647;
			files = (
			);
			runOnlyForDeploymentPostprocessing = 0;
		};
/* End PBXFrameworksBuildPhase section */

/* Begin PBXGroup section */
		C2280E5E1F7AD42800075280 = {
			isa = PBXGroup;
			children = (
				C2280E691F7AD42800075280 /* Tracker */,
				C2280E851F7AD42800075280 /* TrackerTests */,
				C2280E681F7AD42800075280 /* Products */,
			);
			sourceTree = "<group>";
		};
		C2280E681F7AD42800075280 /* Products */ = {
			isa = PBXGroup;
			children = (
				C2280E671F7AD42800075280 /* Tracker.app */,
				C2280E821F7AD42800075280 /* TrackerTests.xctest */,
			);
			name = Products;
			sourceTree = "<group>";
		};
		C2280E691F7AD42800075280 /* Tracker */ = {
			isa = PBXGroup;
			children = (
				C2280E951F7AD86900075280 /* TableViewCells */,
				C2280E921F7AD72700075280 /* Model */,
				C2280E911F7AD4E500075280 /* Supporting files */,
				C2280E6D1F7AD42800075280 /* TrackerViewController.h */,
				C2280E6E1F7AD42800075280 /* TrackerViewController.m */,
				C2280E701F7AD42800075280 /* Main.storyboard */,
				C2280E761F7AD42800075280 /* Assets.xcassets */,
				C2280E7B1F7AD42800075280 /* Info.plist */,
				C2280E731F7AD42800075280 /* Tracker.xcdatamodeld */,
			);
			path = Tracker;
			sourceTree = "<group>";
		};
		C2280E851F7AD42800075280 /* TrackerTests */ = {
			isa = PBXGroup;
			children = (
				C2280E861F7AD42800075280 /* TrackerTests.m */,
				C2280E881F7AD42800075280 /* Info.plist */,
			);
			path = TrackerTests;
			sourceTree = "<group>";
		};
		C2280E911F7AD4E500075280 /* Supporting files */ = {
			isa = PBXGroup;
			children = (
				C2280E6A1F7AD42800075280 /* AppDelegate.h */,
				C2280E6B1F7AD42800075280 /* AppDelegate.m */,
				C2280E781F7AD42800075280 /* LaunchScreen.storyboard */,
				C2280E7C1F7AD42800075280 /* main.m */,
			);
			path = "Supporting files";
			sourceTree = "<group>";
		};
		C2280E921F7AD72700075280 /* Model */ = {
			isa = PBXGroup;
			children = (
				C2280E931F7AD73300075280 /* DaySteps.h */,
				C2280E941F7AD73300075280 /* DaySteps.m */,
			);
			path = Model;
			sourceTree = "<group>";
		};
		C2280E951F7AD86900075280 /* TableViewCells */ = {
			isa = PBXGroup;
			children = (
				C2280E961F7AD88200075280 /* DayStepsTableViewCell.h */,
				C2280E991F7AD88200075280 /* DayStepsTableViewCell.m */,
				C2280E981F7AD88200075280 /* DayStepsTableViewCell.xib */,
				C2280E971F7AD88200075280 /* GoalReachedTableViewCell.h */,
				C2280E9A1F7AD88200075280 /* GoalReachedTableViewCell.m */,
			);
			path = TableViewCells;
			sourceTree = "<group>";
		};
/* End PBXGroup section */

/* Begin PBXNativeTarget section */
		C2280E661F7AD42800075280 /* Tracker */ = {
			isa = PBXNativeTarget;
			buildConfigurationList = C2280E8B1F7AD42800075280 /* Build configuration list for PBXNativeTarget "Tracker" */;
			buildPhases = (
				C2280E631F7AD42800075280 /* Sources */,
				C2280E641F7AD42800075280 /* Frameworks */,
				C2280E651F7AD42800075280 /* Resources */,
			);
			buildRules = (
			);
			dependencies = (
			);
			name = Tracker;
			productName = Tracker;
			productReference = C2280E671F7AD42800075280 /* Tracker.app */;
			productType = "com.apple.product-type.application";
		};
		C2280E811F7AD42800075280 /* TrackerTests */ = {
			isa = PBXNativeTarget;
			buildConfigurationList = C2280E8E1F7AD42800075280 /* Build configuration list for PBXNativeTarget "TrackerTests" */;
			buildPhases = (
				C2280E7E1F7AD42800075280 /* Sources */,
				C2280E7F1F7AD42800075280 /* Frameworks */,
				C2280E801F7AD42800075280 /* Resources */,
			);
			buildRules = (
			);
			dependencies = (
				C2280E841F7AD42800075280 /* PBXTargetDependency */,
			);
			name = TrackerTests;
			productName = TrackerTests;
			productReference = C2280E821F7AD42800075280 /* TrackerTests.xctest */;
			productType = "com.apple.product-type.bundle.unit-test";
		};
/* End PBXNativeTarget section */

/* Begin PBXProject section */
		C2280E5F1F7AD42800075280 /* Project object */ = {
			isa = PBXProject;
			attributes = {
				LastUpgradeCheck = 0900;
				ORGANIZATIONNAME = joce;
				TargetAttributes = {
					C2280E661F7AD42800075280 = {
						CreatedOnToolsVersion = 9.0;
						ProvisioningStyle = Automatic;
					};
					C2280E811F7AD42800075280 = {
						CreatedOnToolsVersion = 9.0;
						ProvisioningStyle = Automatic;
						TestTargetID = C2280E661F7AD42800075280;
					};
				};
			};
			buildConfigurationList = C2280E621F7AD42800075280 /* Build configuration list for PBXProject "Tracker" */;
			compatibilityVersion = "Xcode 8.0";
			developmentRegion = en;
			hasScannedForEncodings = 0;
			knownRegions = (
				en,
				Base,
			);
			mainGroup = C2280E5E1F7AD42800075280;
			productRefGroup = C2280E681F7AD42800075280 /* Products */;
			projectDirPath = "";
			projectRoot = "";
			targets = (
				C2280E661F7AD42800075280 /* Tracker */,
				C2280E811F7AD42800075280 /* TrackerTests */,
			);
		};
/* End PBXProject section */

/* Begin PBXResourcesBuildPhase section */
		C2280E651F7AD42800075280 /* Resources */ = {
			isa = PBXResourcesBuildPhase;
			buildActionMask = 2147483647;
			files = (
				C2280E7A1F7AD42800075280 /* LaunchScreen.storyboard in Resources */,
				C2280E771F7AD42800075280 /* Assets.xcassets in Resources */,
				C2FEEA141F7B08C00079EDFF /* DayStepsTableViewCell.xib in Resources */,
				C2280E721F7AD42800075280 /* Main.storyboard in Resources */,
			);
			runOnlyForDeploymentPostprocessing = 0;
		};
		C2280E801F7AD42800075280 /* Resources */ = {
			isa = PBXResourcesBuildPhase;
			buildActionMask = 2147483647;
			files = (
			);
			runOnlyForDeploymentPostprocessing = 0;
		};
/* End PBXResourcesBuildPhase section */

/* Begin PBXSourcesBuildPhase section */
		C2280E631F7AD42800075280 /* Sources */ = {
			isa = PBXSourcesBuildPhase;
			buildActionMask = 2147483647;
			files = (
				C2FEEA121F7B08050079EDFF /* DayStepsTableViewCell.m in Sources */,
				C2280E6F1F7AD42800075280 /* TrackerViewController.m in Sources */,
				C2FEEA111F7B07E60079EDFF /* DaySteps.m in Sources */,
				C2280E6C1F7AD42800075280 /* AppDelegate.m in Sources */,
				C2280E7D1F7AD42800075280 /* main.m in Sources */,
				C2280E751F7AD42800075280 /* Tracker.xcdatamodeld in Sources */,
				C2FEEA131F7B08080079EDFF /* GoalReachedTableViewCell.m in Sources */,
			);
			runOnlyForDeploymentPostprocessing = 0;
		};
		C2280E7E1F7AD42800075280 /* Sources */ = {
			isa = PBXSourcesBuildPhase;
			buildActionMask = 2147483647;
			files = (
				C2280E871F7AD42800075280 /* TrackerTests.m in Sources */,
			);
			runOnlyForDeploymentPostprocessing = 0;
		};
/* End PBXSourcesBuildPhase section */

/* Begin PBXTargetDependency section */
		C2280E841F7AD42800075280 /* PBXTargetDependency */ = {
			isa = PBXTargetDependency;
			target = C2280E661F7AD42800075280 /* Tracker */;
			targetProxy = C2280E831F7AD42800075280 /* PBXContainerItemProxy */;
		};
/* End PBXTargetDependency section */

/* Begin PBXVariantGroup section */
		C2280E701F7AD42800075280 /* Main.storyboard */ = {
			isa = PBXVariantGroup;
			children = (
				C2280E711F7AD42800075280 /* Base */,
			);
			name = Main.storyboard;
			sourceTree = "<group>";
		};
		C2280E781F7AD42800075280 /* LaunchScreen.storyboard */ = {
			isa = PBXVariantGroup;
			children = (
				C2280E791F7AD42800075280 /* Base */,
			);
			name = LaunchScreen.storyboard;
			sourceTree = "<group>";
		};
/* End PBXVariantGroup section */

/* Begin XCBuildConfiguration section */
		C2280E891F7AD42800075280 /* Debug */ = {
			isa = XCBuildConfiguration;
			buildSettings = {
				ALWAYS_SEARCH_USER_PATHS = NO;
				CLANG_ANALYZER_NONNULL = YES;
				CLANG_ANALYZER_NUMBER_OBJECT_CONVERSION = YES_AGGRESSIVE;
				CLANG_CXX_LANGUAGE_STANDARD = "gnu++14";
				CLANG_CXX_LIBRARY = "libc++";
				CLANG_ENABLE_MODULES = YES;
				CLANG_ENABLE_OBJC_ARC = YES;
				CLANG_WARN_BLOCK_CAPTURE_AUTORELEASING = YES;
				CLANG_WARN_BOOL_CONVERSION = YES;
				CLANG_WARN_COMMA = YES;
				CLANG_WARN_CONSTANT_CONVERSION = YES;
				CLANG_WARN_DIRECT_OBJC_ISA_USAGE = YES_ERROR;
				CLANG_WARN_DOCUMENTATION_COMMENTS = YES;
				CLANG_WARN_EMPTY_BODY = YES;
				CLANG_WARN_ENUM_CONVERSION = YES;
				CLANG_WARN_INFINITE_RECURSION = YES;
				CLANG_WARN_INT_CONVERSION = YES;
				CLANG_WARN_NON_LITERAL_NULL_CONVERSION = YES;
				CLANG_WARN_OBJC_LITERAL_CONVERSION = YES;
				CLANG_WARN_OBJC_ROOT_CLASS = YES_ERROR;
				CLANG_WARN_RANGE_LOOP_ANALYSIS = YES;
				CLANG_WARN_STRICT_PROTOTYPES = YES;
				CLANG_WARN_SUSPICIOUS_MOVE = YES;
				CLANG_WARN_UNGUARDED_AVAILABILITY = YES_AGGRESSIVE;
				CLANG_WARN_UNREACHABLE_CODE = YES;
				CLANG_WARN__DUPLICATE_METHOD_MATCH = YES;
				CODE_SIGN_IDENTITY = "iPhone Developer";
				COPY_PHASE_STRIP = NO;
				DEBUG_INFORMATION_FORMAT = dwarf;
				ENABLE_STRICT_OBJC_MSGSEND = YES;
				ENABLE_TESTABILITY = YES;
				GCC_C_LANGUAGE_STANDARD = gnu11;
				GCC_DYNAMIC_NO_PIC = NO;
				GCC_NO_COMMON_BLOCKS = YES;
				GCC_OPTIMIZATION_LEVEL = 0;
				GCC_PREPROCESSOR_DEFINITIONS = (
					"DEBUG=1",
					"$(inherited)",
				);
				GCC_WARN_64_TO_32_BIT_CONVERSION = YES;
				GCC_WARN_ABOUT_RETURN_TYPE = YES_ERROR;
				GCC_WARN_UNDECLARED_SELECTOR = YES;
				GCC_WARN_UNINITIALIZED_AUTOS = YES_AGGRESSIVE;
				GCC_WARN_UNUSED_FUNCTION = YES;
				GCC_WARN_UNUSED_VARIABLE = YES;
				IPHONEOS_DEPLOYMENT_TARGET = 11.0;
				MTL_ENABLE_DEBUG_INFO = YES;
				ONLY_ACTIVE_ARCH = YES;
				SDKROOT = iphoneos;
			};
			name = Debug;
		};
		C2280E8A1F7AD42800075280 /* Release */ = {
			isa = XCBuildConfiguration;
			buildSettings = {
				ALWAYS_SEARCH_USER_PATHS = NO;
				CLANG_ANALYZER_NONNULL = YES;
				CLANG_ANALYZER_NUMBER_OBJECT_CONVERSION = YES_AGGRESSIVE;
				CLANG_CXX_LANGUAGE_STANDARD = "gnu++14";
				CLANG_CXX_LIBRARY = "libc++";
				CLANG_ENABLE_MODULES = YES;
				CLANG_ENABLE_OBJC_ARC = YES;
				CLANG_WARN_BLOCK_CAPTURE_AUTORELEASING = YES;
				CLANG_WARN_BOOL_CONVERSION = YES;
				CLANG_WARN_COMMA = YES;
				CLANG_WARN_CONSTANT_CONVERSION = YES;
				CLANG_WARN_DIRECT_OBJC_ISA_USAGE = YES_ERROR;
				CLANG_WARN_DOCUMENTATION_COMMENTS = YES;
				CLANG_WARN_EMPTY_BODY = YES;
				CLANG_WARN_ENUM_CONVERSION = YES;
				CLANG_WARN_INFINITE_RECURSION = YES;
				CLANG_WARN_INT_CONVERSION = YES;
				CLANG_WARN_NON_LITERAL_NULL_CONVERSION = YES;
				CLANG_WARN_OBJC_LITERAL_CONVERSION = YES;
				CLANG_WARN_OBJC_ROOT_CLASS = YES_ERROR;
				CLANG_WARN_RANGE_LOOP_ANALYSIS = YES;
				CLANG_WARN_STRICT_PROTOTYPES = YES;
				CLANG_WARN_SUSPICIOUS_MOVE = YES;
				CLANG_WARN_UNGUARDED_AVAILABILITY = YES_AGGRESSIVE;
				CLANG_WARN_UNREACHABLE_CODE = YES;
				CLANG_WARN__DUPLICATE_METHOD_MATCH = YES;
				CODE_SIGN_IDENTITY = "iPhone Developer";
				COPY_PHASE_STRIP = NO;
				DEBUG_INFORMATION_FORMAT = "dwarf-with-dsym";
				ENABLE_NS_ASSERTIONS = NO;
				ENABLE_STRICT_OBJC_MSGSEND = YES;
				GCC_C_LANGUAGE_STANDARD = gnu11;
				GCC_NO_COMMON_BLOCKS = YES;
				GCC_WARN_64_TO_32_BIT_CONVERSION = YES;
				GCC_WARN_ABOUT_RETURN_TYPE = YES_ERROR;
				GCC_WARN_UNDECLARED_SELECTOR = YES;
				GCC_WARN_UNINITIALIZED_AUTOS = YES_AGGRESSIVE;
				GCC_WARN_UNUSED_FUNCTION = YES;
				GCC_WARN_UNUSED_VARIABLE = YES;
				IPHONEOS_DEPLOYMENT_TARGET = 11.0;
				MTL_ENABLE_DEBUG_INFO = NO;
				SDKROOT = iphoneos;
				VALIDATE_PRODUCT = YES;
			};
			name = Release;
		};
		C2280E8C1F7AD42800075280 /* Debug */ = {
			isa = XCBuildConfiguration;
			buildSettings = {
				ASSETCATALOG_COMPILER_APPICON_NAME = AppIcon;
				CODE_SIGN_STYLE = Automatic;
				DEVELOPMENT_TEAM = Z3TPA9T944;
				INFOPLIST_FILE = Tracker/Info.plist;
				LD_RUNPATH_SEARCH_PATHS = "$(inherited) @executable_path/Frameworks";
				PRODUCT_BUNDLE_IDENTIFIER = ignacio.Tracker;
				PRODUCT_NAME = "$(TARGET_NAME)";
				TARGETED_DEVICE_FAMILY = "1,2";
			};
			name = Debug;
		};
		C2280E8D1F7AD42800075280 /* Release */ = {
			isa = XCBuildConfiguration;
			buildSettings = {
				ASSETCATALOG_COMPILER_APPICON_NAME = AppIcon;
				CODE_SIGN_STYLE = Automatic;
				DEVELOPMENT_TEAM = Z3TPA9T944;
				INFOPLIST_FILE = Tracker/Info.plist;
				LD_RUNPATH_SEARCH_PATHS = "$(inherited) @executable_path/Frameworks";
				PRODUCT_BUNDLE_IDENTIFIER = ignacio.Tracker;
				PRODUCT_NAME = "$(TARGET_NAME)";
				TARGETED_DEVICE_FAMILY = "1,2";
			};
			name = Release;
		};
		C2280E8F1F7AD42800075280 /* Debug */ = {
			isa = XCBuildConfiguration;
			buildSettings = {
				BUNDLE_LOADER = "$(TEST_HOST)";
				CODE_SIGN_STYLE = Automatic;
				DEVELOPMENT_TEAM = Z3TPA9T944;
				INFOPLIST_FILE = TrackerTests/Info.plist;
				LD_RUNPATH_SEARCH_PATHS = "$(inherited) @executable_path/Frameworks @loader_path/Frameworks";
				PRODUCT_BUNDLE_IDENTIFIER = ignacio.TrackerTests;
				PRODUCT_NAME = "$(TARGET_NAME)";
				TARGETED_DEVICE_FAMILY = "1,2";
				TEST_HOST = "$(BUILT_PRODUCTS_DIR)/Tracker.app/Tracker";
			};
			name = Debug;
		};
		C2280E901F7AD42800075280 /* Release */ = {
			isa = XCBuildConfiguration;
			buildSettings = {
				BUNDLE_LOADER = "$(TEST_HOST)";
				CODE_SIGN_STYLE = Automatic;
				DEVELOPMENT_TEAM = Z3TPA9T944;
				INFOPLIST_FILE = TrackerTests/Info.plist;
				LD_RUNPATH_SEARCH_PATHS = "$(inherited) @executable_path/Frameworks @loader_path/Frameworks";
				PRODUCT_BUNDLE_IDENTIFIER = ignacio.TrackerTests;
				PRODUCT_NAME = "$(TARGET_NAME)";
				TARGETED_DEVICE_FAMILY = "1,2";
				TEST_HOST = "$(BUILT_PRODUCTS_DIR)/Tracker.app/Tracker";
			};
			name = Release;
		};
/* End XCBuildConfiguration section */

/* Begin XCConfigurationList section */
		C2280E621F7AD42800075280 /* Build configuration list for PBXProject "Tracker" */ = {
			isa = XCConfigurationList;
			buildConfigurations = (
				C2280E891F7AD42800075280 /* Debug */,
				C2280E8A1F7AD42800075280 /* Release */,
			);
			defaultConfigurationIsVisible = 0;
			defaultConfigurationName = Release;
		};
		C2280E8B1F7AD42800075280 /* Build configuration list for PBXNativeTarget "Tracker" */ = {
			isa = XCConfigurationList;
			buildConfigurations = (
				C2280E8C1F7AD42800075280 /* Debug */,
				C2280E8D1F7AD42800075280 /* Release */,
			);
			defaultConfigurationIsVisible = 0;
			defaultConfigurationName = Release;
		};
		C2280E8E1F7AD42800075280 /* Build configuration list for PBXNativeTarget "TrackerTests" */ = {
			isa = XCConfigurationList;
			buildConfigurations = (
				C2280E8F1F7AD42800075280 /* Debug */,
				C2280E901F7AD42800075280 /* Release */,
			);
			defaultConfigurationIsVisible = 0;
			defaultConfigurationName = Release;
		};
/* End XCConfigurationList section */

/* Begin XCVersionGroup section */
		C2280E731F7AD42800075280 /* Tracker.xcdatamodeld */ = {
			isa = XCVersionGroup;
			children = (
				C2280E741F7AD42800075280 /* Tracker.xcdatamodel */,
			);
			currentVersion = C2280E741F7AD42800075280 /* Tracker.xcdatamodel */;
			path = Tracker.xcdatamodeld;
			sourceTree = "<group>";
			versionGroupType = wrapper.xcdatamodel;
		};
/* End XCVersionGroup section */
	};
	rootObject = C2280E5F1F7AD42800075280 /* Project object */;
}
